
Microsoft Visual Studio Solution File, Format Version 12.00
# Visual Studio Version 17
VisualStudioVersion = 17.4.33213.308
MinimumVisualStudioVersion = 10.0.40219.1
Project("{FAE04EC0-301F-11D3-BF4B-00C04F79EFBC}") = "study2", "study2\study2.csproj", "{D98A6CAD-7587-4F51-B460-F130E8385B91}"
EndProject
Project("{2150E333-8FDC-42A3-9474-1A3956D46DE8}") = "Solution Items", "Solution Items", "{63439C03-4B5C-4004-82F0-8D360B0DABF9}"
	ProjectSection(SolutionItems) = preProject
		.editorconfig = .editorconfig
	EndProjectSection
EndProject
Global
	GlobalSection(SolutionConfigurationPlatforms) = preSolution
		Debug|Any CPU = Debug|Any CPU
		Release|Any CPU = Release|Any CPU
	EndGlobalSection
	GlobalSection(ProjectConfigurationPlatforms) = postSolution
		{D98A6CAD-7587-4F51-B460-F130E8385B91}.Debug|Any CPU.ActiveCfg = Debug|Any CPU
		{D98A6CAD-7587-4F51-B460-F130E8385B91}.Debug|Any CPU.Build.0 = Debug|Any CPU
		{D98A6CAD-7587-4F51-B460-F130E8385B91}.Release|Any CPU.ActiveCfg = Release|Any CPU
		{D98A6CAD-7587-4F51-B460-F130E8385B91}.Release|Any CPU.Build.0 = Release|Any CPU
	EndGlobalSection
	GlobalSection(SolutionProperties) = preSolution
		HideSolutionNode = FALSE
	EndGlobalSection
	GlobalSection(ExtensibilityGlobals) = postSolution
		SolutionGuid = {798EF7C4-33CC-4E62-B02A-A7ACCA8691F8}
	EndGlobalSection
EndGlobal
